
Microsoft Visual Studio Solution File, Format Version 12.00
# Visual Studio Version 17
VisualStudioVersion = 17.2.32630.192
MinimumVisualStudioVersion = 10.0.40219.1
Project("{F184B08F-C81C-45F6-A57F-5ABD9991F28F}") = "CMDGAME FOR WINDOWS", "CMDGAME FOR WINDOWS.vbproj", "{AB12371F-00C0-4E98-981E-B4D4CA99E25F}"
EndProject
Global
	GlobalSection(SolutionConfigurationPlatforms) = preSolution
		Debug|Any CPU = Debug|Any CPU
		Release|Any CPU = Release|Any CPU
	EndGlobalSection
	GlobalSection(ProjectConfigurationPlatforms) = postSolution
		{AB12371F-00C0-4E98-981E-B4D4CA99E25F}.Debug|Any CPU.ActiveCfg = Debug|Any CPU
		{AB12371F-00C0-4E98-981E-B4D4CA99E25F}.Debug|Any CPU.Build.0 = Debug|Any CPU
		{AB12371F-00C0-4E98-981E-B4D4CA99E25F}.Release|Any CPU.ActiveCfg = Release|Any CPU
		{AB12371F-00C0-4E98-981E-B4D4CA99E25F}.Release|Any CPU.Build.0 = Release|Any CPU
	EndGlobalSection
	GlobalSection(SolutionProperties) = preSolution
		HideSolutionNode = FALSE
	EndGlobalSection
	GlobalSection(ExtensibilityGlobals) = postSolution
		SolutionGuid = {F3418756-473B-48AD-8AC0-A9DA231089FE}
	EndGlobalSection
EndGlobal
